{
  "version": 4,
  "terraform_version": "1.13.3",
  "serial": 13,
  "lineage": "00a28b79-75c0-4aac-2ad9-82275725ba02",
  "outputs": {
    "arn_da_lambda": {
      "value": "arn:aws:lambda:sa-east-1:514015205591:function:hello-world-lambda-java",
      "type": "string"
    },
    "nome_da_tabela": {
      "value": "Tasks",
      "type": "string"
    }
  },
  "resources": [
    {
      "mode": "managed",
      "type": "aws_iam_policy",
      "name": "lambda_dynamodb_policy",
      "provider": "provider[\"registry.terraform.io/hashicorp/aws\"]",
      "instances": [
        {
          "schema_version": 0,
          "attributes": {
            "arn": "arn:aws:iam::514015205591:policy/lambda-dynamodb-tasks-policy",
            "attachment_count": 1,
            "description": "Policy to allow Lambda functions to access DynamoDB table Tasks",
            "id": "arn:aws:iam::514015205591:policy/lambda-dynamodb-tasks-policy",
            "name": "lambda-dynamodb-tasks-policy",
            "name_prefix": "",
            "path": "/",
            "policy": "{\"Statement\":[{\"Action\":[\"dynamodb:PutItem\",\"dynamodb:GetItem\",\"dynamodb:UpdateItem\",\"dynamodb:DeleteItem\",\"dynamodb:Scan\",\"dynamodb:Query\"],\"Effect\":\"Allow\",\"Resource\":\"arn:aws:dynamodb:sa-east-1:514015205591:table/Tasks\"}],\"Version\":\"2012-10-17\"}",
            "policy_id": "ANPAXPLNRTDL34ENEBPW5",
            "tags": {},
            "tags_all": {}
          },
          "sensitive_attributes": [],
          "identity_schema_version": 0,
          "private": "bnVsbA==",
          "dependencies": [
            "module.todo_table.aws_dynamodb_table.this"
          ]
        }
      ]
    },
    {
      "mode": "managed",
      "type": "aws_iam_role_policy_attachment",
      "name": "lambda_dynamodb_access",
      "provider": "provider[\"registry.terraform.io/hashicorp/aws\"]",
      "instances": [
        {
          "schema_version": 0,
          "attributes": {
            "id": "hello-world-lambda-java-exec-role-20250923232721060800000001",
            "policy_arn": "arn:aws:iam::514015205591:policy/lambda-dynamodb-tasks-policy",
            "role": "hello-world-lambda-java-exec-role"
          },
          "sensitive_attributes": [],
          "identity_schema_version": 0,
          "private": "bnVsbA==",
          "dependencies": [
            "aws_iam_policy.lambda_dynamodb_policy",
            "module.minha_lambda_hello_world.aws_iam_role.lambda_exec_role",
            "module.todo_table.aws_dynamodb_table.this"
          ]
        }
      ]
    },
    {
      "module": "module.minha_lambda_hello_world",
      "mode": "managed",
      "type": "aws_iam_policy_attachment",
      "name": "lambda_basic_execution",
      "provider": "provider[\"registry.terraform.io/hashicorp/aws\"]",
      "instances": [
        {
          "schema_version": 0,
          "attributes": {
            "groups": [],
            "id": "lambda_basic_execution",
            "name": "lambda_basic_execution",
            "policy_arn": "arn:aws:iam::aws:policy/service-role/AWSLambdaBasicExecutionRole",
            "roles": [
              "hello-world-lambda-java-exec-role"
            ],
            "users": []
          },
          "sensitive_attributes": [],
          "identity_schema_version": 0,
          "private": "bnVsbA==",
          "dependencies": [
            "module.minha_lambda_hello_world.aws_iam_role.lambda_exec_role"
          ]
        }
      ]
    },
    {
      "module": "module.minha_lambda_hello_world",
      "mode": "managed",
      "type": "aws_iam_role",
      "name": "lambda_exec_role",
      "provider": "provider[\"registry.terraform.io/hashicorp/aws\"]",
      "instances": [
        {
          "schema_version": 0,
          "attributes": {
            "arn": "arn:aws:iam::514015205591:role/hello-world-lambda-java-exec-role",
            "assume_role_policy": "{\"Statement\":[{\"Action\":\"sts:AssumeRole\",\"Effect\":\"Allow\",\"Principal\":{\"Service\":\"lambda.amazonaws.com\"}}],\"Version\":\"2012-10-17\"}",
            "create_date": "2025-09-23T21:53:29Z",
            "description": "",
            "force_detach_policies": false,
            "id": "hello-world-lambda-java-exec-role",
            "inline_policy": [],
            "managed_policy_arns": [
              "arn:aws:iam::514015205591:policy/lambda-dynamodb-tasks-policy",
              "arn:aws:iam::aws:policy/service-role/AWSLambdaBasicExecutionRole"
            ],
            "max_session_duration": 3600,
            "name": "hello-world-lambda-java-exec-role",
            "name_prefix": "",
            "path": "/",
            "permissions_boundary": "",
            "tags": {
              "ManagedBy": "Terraform",
              "Project": "TODOLambdaJava"
            },
            "tags_all": {
              "ManagedBy": "Terraform",
              "Project": "TODOLambdaJava"
            },
            "unique_id": "AROAXPLNRTDLXSOFGF5C3"
          },
          "sensitive_attributes": [],
          "identity_schema_version": 0,
          "private": "bnVsbA=="
        }
      ]
    },
    {
      "module": "module.minha_lambda_hello_world",
      "mode": "managed",
      "type": "aws_lambda_function",
      "name": "this",
      "provider": "provider[\"registry.terraform.io/hashicorp/aws\"]",
      "instances": [
        {
          "schema_version": 0,
          "attributes": {
            "architectures": [
              "x86_64"
            ],
            "arn": "arn:aws:lambda:sa-east-1:514015205591:function:hello-world-lambda-java",
            "code_sha256": "fdMTNk56bepVdfqtX62IkHPjGTYTf67tOQgeAMAEZ7k=",
            "code_signing_config_arn": "",
            "dead_letter_config": [],
            "description": "",
            "environment": [],
            "ephemeral_storage": [
              {
                "size": 512
              }
            ],
            "file_system_config": [],
            "filename": "../target/TODOLambdaJava-1.0-SNAPSHOT.jar",
            "function_name": "hello-world-lambda-java",
            "handler": "dev.filipe.TODOLambdaJava.Handler::handleRequest",
            "id": "hello-world-lambda-java",
            "image_config": [],
            "image_uri": "",
            "invoke_arn": "arn:aws:apigateway:sa-east-1:lambda:path/2015-03-31/functions/arn:aws:lambda:sa-east-1:514015205591:function:hello-world-lambda-java/invocations",
            "kms_key_arn": "",
            "last_modified": "2025-09-23T21:53:42.125+0000",
            "layers": [],
            "logging_config": [
              {
                "application_log_level": "",
                "log_format": "Text",
                "log_group": "/aws/lambda/hello-world-lambda-java",
                "system_log_level": ""
              }
            ],
            "memory_size": 1024,
            "package_type": "Zip",
            "publish": false,
            "qualified_arn": "arn:aws:lambda:sa-east-1:514015205591:function:hello-world-lambda-java:$LATEST",
            "qualified_invoke_arn": "arn:aws:apigateway:sa-east-1:lambda:path/2015-03-31/functions/arn:aws:lambda:sa-east-1:514015205591:function:hello-world-lambda-java:$LATEST/invocations",
            "replace_security_groups_on_destroy": null,
            "replacement_security_group_ids": null,
            "reserved_concurrent_executions": -1,
            "role": "arn:aws:iam::514015205591:role/hello-world-lambda-java-exec-role",
            "runtime": "java21",
            "s3_bucket": null,
            "s3_key": null,
            "s3_object_version": null,
            "signing_job_arn": "",
            "signing_profile_version_arn": "",
            "skip_destroy": false,
            "snap_start": [],
            "source_code_hash": "fdMTNk56bepVdfqtX62IkHPjGTYTf67tOQgeAMAEZ7k=",
            "source_code_size": 3162267,
            "tags": {
              "ManagedBy": "Terraform",
              "Project": "TODOLambdaJava"
            },
            "tags_all": {
              "ManagedBy": "Terraform",
              "Project": "TODOLambdaJava"
            },
            "timeout": 60,
            "timeouts": null,
            "tracing_config": [
              {
                "mode": "PassThrough"
              }
            ],
            "version": "$LATEST",
            "vpc_config": []
          },
          "sensitive_attributes": [],
          "identity_schema_version": 0,
          "private": "eyJlMmJmYjczMC1lY2FhLTExZTYtOGY4OC0zNDM2M2JjN2M0YzAiOnsiY3JlYXRlIjo2MDAwMDAwMDAwMDAsImRlbGV0ZSI6NjAwMDAwMDAwMDAwLCJ1cGRhdGUiOjYwMDAwMDAwMDAwMH19",
          "dependencies": [
            "module.minha_lambda_hello_world.aws_iam_role.lambda_exec_role"
          ]
        }
      ]
    },
    {
      "module": "module.todo_table",
      "mode": "managed",
      "type": "aws_dynamodb_table",
      "name": "this",
      "provider": "provider[\"registry.terraform.io/hashicorp/aws\"]",
      "instances": [
        {
          "schema_version": 1,
          "attributes": {
            "arn": "arn:aws:dynamodb:sa-east-1:514015205591:table/Tasks",
            "attribute": [
              {
                "name": "taskId",
                "type": "S"
              },
              {
                "name": "userId",
                "type": "S"
              }
            ],
            "billing_mode": "PAY_PER_REQUEST",
            "deletion_protection_enabled": false,
            "global_secondary_index": [],
            "hash_key": "userId",
            "id": "Tasks",
            "import_table": [],
            "local_secondary_index": [],
            "name": "Tasks",
            "on_demand_throughput": [],
            "point_in_time_recovery": [
              {
                "enabled": false,
                "recovery_period_in_days": 0
              }
            ],
            "range_key": "taskId",
            "read_capacity": 0,
            "replica": [],
            "restore_date_time": null,
            "restore_source_name": null,
            "restore_source_table_arn": null,
            "restore_to_latest_time": null,
            "server_side_encryption": [],
            "stream_arn": "",
            "stream_enabled": false,
            "stream_label": "",
            "stream_view_type": "",
            "table_class": "STANDARD",
            "tags": {
              "ManagedBy": "Terraform",
              "project": "TODOLambdaJava"
            },
            "tags_all": {
              "ManagedBy": "Terraform",
              "project": "TODOLambdaJava"
            },
            "timeouts": null,
            "ttl": [
              {
                "attribute_name": "",
                "enabled": false
              }
            ],
            "write_capacity": 0
          },
          "sensitive_attributes": [],
          "identity_schema_version": 0,
          "private": "eyJlMmJmYjczMC1lY2FhLTExZTYtOGY4OC0zNDM2M2JjN2M0YzAiOnsiY3JlYXRlIjoxODAwMDAwMDAwMDAwLCJkZWxldGUiOjYwMDAwMDAwMDAwMCwidXBkYXRlIjozNjAwMDAwMDAwMDAwfSwic2NoZW1hX3ZlcnNpb24iOiIxIn0="
        }
      ]
    }
  ],
  "check_results": null
}
